// !$*UTF8*$!
{
	archiveVersion = 1;
	classes = {
	};
	objectVersion = 52;
	objects = {

/* Begin PBXBuildFile section */
		673F33542561319700141FF4 /* Student.swift in Sources */ = {isa = PBXBuildFile; fileRef = 673F33532561319700141FF4 /* Student.swift */; };
		673F33892561491600141FF4 /* CardViews.swift in Sources */ = {isa = PBXBuildFile; fileRef = 673F33882561491600141FF4 /* CardViews.swift */; };
		673F33912561724400141FF4 /* SideMenu.swift in Sources */ = {isa = PBXBuildFile; fileRef = 673F33902561724300141FF4 /* SideMenu.swift */; };
		673FB99C25592A7200C00155 /* AppDelegate.swift in Sources */ = {isa = PBXBuildFile; fileRef = 673FB99B25592A7200C00155 /* AppDelegate.swift */; };
		673FB99E25592A7200C00155 /* SceneDelegate.swift in Sources */ = {isa = PBXBuildFile; fileRef = 673FB99D25592A7200C00155 /* SceneDelegate.swift */; };
		673FB9A025592A7200C00155 /* ContentView.swift in Sources */ = {isa = PBXBuildFile; fileRef = 673FB99F25592A7200C00155 /* ContentView.swift */; };
		673FB9A225592A7300C00155 /* Assets.xcassets in Resources */ = {isa = PBXBuildFile; fileRef = 673FB9A125592A7300C00155 /* Assets.xcassets */; };
		673FB9A525592A7300C00155 /* Preview Assets.xcassets in Resources */ = {isa = PBXBuildFile; fileRef = 673FB9A425592A7300C00155 /* Preview Assets.xcassets */; };
		673FB9A825592A7300C00155 /* LaunchScreen.storyboard in Resources */ = {isa = PBXBuildFile; fileRef = 673FB9A625592A7300C00155 /* LaunchScreen.storyboard */; };
		6751325C255A5C840067FCDA /* SelcView.swift in Sources */ = {isa = PBXBuildFile; fileRef = 6751325B255A5C840067FCDA /* SelcView.swift */; };
		67615BD2255CD29900AEBA1F /* student.json in Resources */ = {isa = PBXBuildFile; fileRef = 67615BD0255CD29900AEBA1F /* student.json */; };
		67615BD3255CD29A00AEBA1F /* teacher.json in Resources */ = {isa = PBXBuildFile; fileRef = 67615BD1255CD29900AEBA1F /* teacher.json */; };
		676B6E372560F18B0026E378 /* TeacherView.swift in Sources */ = {isa = PBXBuildFile; fileRef = 676B6E362560F18B0026E378 /* TeacherView.swift */; };
		678EFF2225600AA000A4902B /* DocumentPicker.swift in Sources */ = {isa = PBXBuildFile; fileRef = 678EFF2125600AA000A4902B /* DocumentPicker.swift */; };
		6796A2F9255AB242001E5B96 /* SDWebImageSwiftUI in Frameworks */ = {isa = PBXBuildFile; productRef = 6796A2F8255AB242001E5B96 /* SDWebImageSwiftUI */; };
		6796A2FC255AB263001E5B96 /* ImgPicker.swift in Sources */ = {isa = PBXBuildFile; fileRef = 6796A2FB255AB263001E5B96 /* ImgPicker.swift */; };
		6796A2FF255AB28B001E5B96 /* Indicator.swift in Sources */ = {isa = PBXBuildFile; fileRef = 6796A2FE255AB28B001E5B96 /* Indicator.swift */; };
		679C3E2B255E6B68001B026F /* Home.swift in Sources */ = {isa = PBXBuildFile; fileRef = 679C3E2A255E6B68001B026F /* Home.swift */; };
		679C3E45255E9240001B026F /* RoomViewModal.swift in Sources */ = {isa = PBXBuildFile; fileRef = 679C3E44255E9240001B026F /* RoomViewModal.swift */; };
		679C3E63255ED99A001B026F /* ActivityIndicator.swift in Sources */ = {isa = PBXBuildFile; fileRef = 679C3E62255ED99A001B026F /* ActivityIndicator.swift */; };
		679E9FCA255C0DFA000D0601 /* CustomNumberPad.swift in Sources */ = {isa = PBXBuildFile; fileRef = 679E9FC3255C0DF7000D0601 /* CustomNumberPad.swift */; };
		679E9FCB255C0DFA000D0601 /* LoginViewModel.swift in Sources */ = {isa = PBXBuildFile; fileRef = 679E9FC4255C0DF7000D0601 /* LoginViewModel.swift */; };
		679E9FCC255C0DFA000D0601 /* Verification.swift in Sources */ = {isa = PBXBuildFile; fileRef = 679E9FC5255C0DF8000D0601 /* Verification.swift */; };
		679E9FCF255C0DFA000D0601 /* Login.swift in Sources */ = {isa = PBXBuildFile; fileRef = 679E9FC8255C0DF9000D0601 /* Login.swift */; };
		679E9FD0255C0DFA000D0601 /* Countries.swift in Sources */ = {isa = PBXBuildFile; fileRef = 679E9FC9255C0DFA000D0601 /* Countries.swift */; };
		67A8F22425624153005EC20C /* PDFView.swift in Sources */ = {isa = PBXBuildFile; fileRef = 67A8F22325624153005EC20C /* PDFView.swift */; };
		67A8F22C256256D0005EC20C /* PDFViewer in Frameworks */ = {isa = PBXBuildFile; productRef = 67A8F22B256256D0005EC20C /* PDFViewer */; };
		67C9FE1725592CE700697AE0 /* GoogleService-Info.plist in Resources */ = {isa = PBXBuildFile; fileRef = 67C9FE1625592CE700697AE0 /* GoogleService-Info.plist */; };
		67C9FE1B25592DE400697AE0 /* Lottie in Frameworks */ = {isa = PBXBuildFile; productRef = 67C9FE1A25592DE400697AE0 /* Lottie */; };
		67C9FE1F2559339300697AE0 /* login.json in Resources */ = {isa = PBXBuildFile; fileRef = 67C9FE1E2559339300697AE0 /* login.json */; };
		67C9FE23255933AE00697AE0 /* Lottie.swift in Sources */ = {isa = PBXBuildFile; fileRef = 67C9FE22255933AE00697AE0 /* Lottie.swift */; };
		67C9FE2D255949C900697AE0 /* PopUp.swift in Sources */ = {isa = PBXBuildFile; fileRef = 67C9FE2C255949C900697AE0 /* PopUp.swift */; };
		67C9FE3025594D2200697AE0 /* BlurBG.swift in Sources */ = {isa = PBXBuildFile; fileRef = 67C9FE2F25594D2200697AE0 /* BlurBG.swift */; };
		67C9FE3B25594EB900697AE0 /* AlertView.swift in Sources */ = {isa = PBXBuildFile; fileRef = 67C9FE3A25594EB900697AE0 /* AlertView.swift */; };
		67C9FE3F2559500D00697AE0 /* error.json in Resources */ = {isa = PBXBuildFile; fileRef = 67C9FE3E2559500D00697AE0 /* error.json */; };
		67C9FE422559529500697AE0 /* Modifiers.swift in Sources */ = {isa = PBXBuildFile; fileRef = 67C9FE412559529500697AE0 /* Modifiers.swift */; };
		CB6975C2AAD5CE467CAF8308 /* Pods_Wise.framework in Frameworks */ = {isa = PBXBuildFile; fileRef = 81D916D698AC9818530925EB /* Pods_Wise.framework */; };
/* End PBXBuildFile section */

/* Begin PBXFileReference section */
		007B04CA53E01B792332BF4A /* Pods-Wise.release.xcconfig */ = {isa = PBXFileReference; includeInIndex = 1; lastKnownFileType = text.xcconfig; name = "Pods-Wise.release.xcconfig"; path = "Target Support Files/Pods-Wise/Pods-Wise.release.xcconfig"; sourceTree = "<group>"; };
		673F33532561319700141FF4 /* Student.swift */ = {isa = PBXFileReference; lastKnownFileType = sourcecode.swift; path = Student.swift; sourceTree = "<group>"; };
		673F33882561491600141FF4 /* CardViews.swift */ = {isa = PBXFileReference; lastKnownFileType = sourcecode.swift; path = CardViews.swift; sourceTree = "<group>"; };
		673F33902561724300141FF4 /* SideMenu.swift */ = {isa = PBXFileReference; lastKnownFileType = sourcecode.swift; path = SideMenu.swift; sourceTree = "<group>"; };
		673FB99825592A7200C00155 /* Wise.app */ = {isa = PBXFileReference; explicitFileType = wrapper.application; includeInIndex = 0; path = Wise.app; sourceTree = BUILT_PRODUCTS_DIR; };
		673FB99B25592A7200C00155 /* AppDelegate.swift */ = {isa = PBXFileReference; lastKnownFileType = sourcecode.swift; path = AppDelegate.swift; sourceTree = "<group>"; };
		673FB99D25592A7200C00155 /* SceneDelegate.swift */ = {isa = PBXFileReference; lastKnownFileType = sourcecode.swift; path = SceneDelegate.swift; sourceTree = "<group>"; };
		673FB99F25592A7200C00155 /* ContentView.swift */ = {isa = PBXFileReference; lastKnownFileType = sourcecode.swift; path = ContentView.swift; sourceTree = "<group>"; };
		673FB9A125592A7300C00155 /* Assets.xcassets */ = {isa = PBXFileReference; lastKnownFileType = folder.assetcatalog; path = Assets.xcassets; sourceTree = "<group>"; };
		673FB9A425592A7300C00155 /* Preview Assets.xcassets */ = {isa = PBXFileReference; lastKnownFileType = folder.assetcatalog; path = "Preview Assets.xcassets"; sourceTree = "<group>"; };
		673FB9A725592A7300C00155 /* Base */ = {isa = PBXFileReference; lastKnownFileType = file.storyboard; name = Base; path = Base.lproj/LaunchScreen.storyboard; sourceTree = "<group>"; };
		673FB9A925592A7300C00155 /* Info.plist */ = {isa = PBXFileReference; lastKnownFileType = text.plist.xml; path = Info.plist; sourceTree = "<group>"; };
		6751325B255A5C840067FCDA /* SelcView.swift */ = {isa = PBXFileReference; lastKnownFileType = sourcecode.swift; path = SelcView.swift; sourceTree = "<group>"; };
		67615BD0255CD29900AEBA1F /* student.json */ = {isa = PBXFileReference; fileEncoding = 4; lastKnownFileType = text.json; path = student.json; sourceTree = "<group>"; };
		67615BD1255CD29900AEBA1F /* teacher.json */ = {isa = PBXFileReference; fileEncoding = 4; lastKnownFileType = text.json; path = teacher.json; sourceTree = "<group>"; };
		676B6E362560F18B0026E378 /* TeacherView.swift */ = {isa = PBXFileReference; lastKnownFileType = sourcecode.swift; path = TeacherView.swift; sourceTree = "<group>"; };
		678EFF2125600AA000A4902B /* DocumentPicker.swift */ = {isa = PBXFileReference; lastKnownFileType = sourcecode.swift; path = DocumentPicker.swift; sourceTree = "<group>"; };
		6796A2FB255AB263001E5B96 /* ImgPicker.swift */ = {isa = PBXFileReference; lastKnownFileType = sourcecode.swift; path = ImgPicker.swift; sourceTree = "<group>"; };
		6796A2FE255AB28B001E5B96 /* Indicator.swift */ = {isa = PBXFileReference; lastKnownFileType = sourcecode.swift; path = Indicator.swift; sourceTree = "<group>"; };
		679C3E2A255E6B68001B026F /* Home.swift */ = {isa = PBXFileReference; lastKnownFileType = sourcecode.swift; path = Home.swift; sourceTree = "<group>"; };
		679C3E44255E9240001B026F /* RoomViewModal.swift */ = {isa = PBXFileReference; lastKnownFileType = sourcecode.swift; path = RoomViewModal.swift; sourceTree = "<group>"; };
		679C3E62255ED99A001B026F /* ActivityIndicator.swift */ = {isa = PBXFileReference; fileEncoding = 4; lastKnownFileType = sourcecode.swift; path = ActivityIndicator.swift; sourceTree = "<group>"; };
		679E9FC3255C0DF7000D0601 /* CustomNumberPad.swift */ = {isa = PBXFileReference; fileEncoding = 4; lastKnownFileType = sourcecode.swift; path = CustomNumberPad.swift; sourceTree = "<group>"; };
		679E9FC4255C0DF7000D0601 /* LoginViewModel.swift */ = {isa = PBXFileReference; fileEncoding = 4; lastKnownFileType = sourcecode.swift; path = LoginViewModel.swift; sourceTree = "<group>"; };
		679E9FC5255C0DF8000D0601 /* Verification.swift */ = {isa = PBXFileReference; fileEncoding = 4; lastKnownFileType = sourcecode.swift; path = Verification.swift; sourceTree = "<group>"; };
		679E9FC8255C0DF9000D0601 /* Login.swift */ = {isa = PBXFileReference; fileEncoding = 4; lastKnownFileType = sourcecode.swift; path = Login.swift; sourceTree = "<group>"; };
		679E9FC9255C0DFA000D0601 /* Countries.swift */ = {isa = PBXFileReference; fileEncoding = 4; lastKnownFileType = sourcecode.swift; path = Countries.swift; sourceTree = "<group>"; };
		67A8F22325624153005EC20C /* PDFView.swift */ = {isa = PBXFileReference; lastKnownFileType = sourcecode.swift; path = PDFView.swift; sourceTree = "<group>"; };
		67C9FE1625592CE700697AE0 /* GoogleService-Info.plist */ = {isa = PBXFileReference; fileEncoding = 4; lastKnownFileType = text.plist.xml; path = "GoogleService-Info.plist"; sourceTree = "<group>"; };
		67C9FE1E2559339300697AE0 /* login.json */ = {isa = PBXFileReference; fileEncoding = 4; lastKnownFileType = text.json; path = login.json; sourceTree = "<group>"; };
		67C9FE22255933AE00697AE0 /* Lottie.swift */ = {isa = PBXFileReference; lastKnownFileType = sourcecode.swift; path = Lottie.swift; sourceTree = "<group>"; };
		67C9FE2C255949C900697AE0 /* PopUp.swift */ = {isa = PBXFileReference; lastKnownFileType = sourcecode.swift; path = PopUp.swift; sourceTree = "<group>"; };
		67C9FE2F25594D2200697AE0 /* BlurBG.swift */ = {isa = PBXFileReference; lastKnownFileType = sourcecode.swift; path = BlurBG.swift; sourceTree = "<group>"; };
		67C9FE3A25594EB900697AE0 /* AlertView.swift */ = {isa = PBXFileReference; lastKnownFileType = sourcecode.swift; path = AlertView.swift; sourceTree = "<group>"; };
		67C9FE3E2559500D00697AE0 /* error.json */ = {isa = PBXFileReference; fileEncoding = 4; lastKnownFileType = text.json; path = error.json; sourceTree = "<group>"; };
		67C9FE412559529500697AE0 /* Modifiers.swift */ = {isa = PBXFileReference; lastKnownFileType = sourcecode.swift; path = Modifiers.swift; sourceTree = "<group>"; };
		81D916D698AC9818530925EB /* Pods_Wise.framework */ = {isa = PBXFileReference; explicitFileType = wrapper.framework; includeInIndex = 0; path = Pods_Wise.framework; sourceTree = BUILT_PRODUCTS_DIR; };
		D16659611F67F19664885AB4 /* Pods-Wise.debug.xcconfig */ = {isa = PBXFileReference; includeInIndex = 1; lastKnownFileType = text.xcconfig; name = "Pods-Wise.debug.xcconfig"; path = "Target Support Files/Pods-Wise/Pods-Wise.debug.xcconfig"; sourceTree = "<group>"; };
/* End PBXFileReference section */

/* Begin PBXFrameworksBuildPhase section */
		673FB99525592A7200C00155 /* Frameworks */ = {
			isa = PBXFrameworksBuildPhase;
			buildActionMask = 2147483647;
			files = (
				6796A2F9255AB242001E5B96 /* SDWebImageSwiftUI in Frameworks */,
				67A8F22C256256D0005EC20C /* PDFViewer in Frameworks */,
				CB6975C2AAD5CE467CAF8308 /* Pods_Wise.framework in Frameworks */,
				67C9FE1B25592DE400697AE0 /* Lottie in Frameworks */,
			);
			runOnlyForDeploymentPostprocessing = 0;
		};
/* End PBXFrameworksBuildPhase section */

/* Begin PBXGroup section */
		3F5FE9F65A9DC2A650886DDB /* Frameworks */ = {
			isa = PBXGroup;
			children = (
				81D916D698AC9818530925EB /* Pods_Wise.framework */,
			);
			name = Frameworks;
			sourceTree = "<group>";
		};
		673FB98F25592A7200C00155 = {
			isa = PBXGroup;
			children = (
				673FB99A25592A7200C00155 /* Wise */,
				673FB99925592A7200C00155 /* Products */,
				A052610CEBD56F4F2265FD54 /* Pods */,
				3F5FE9F65A9DC2A650886DDB /* Frameworks */,
			);
			sourceTree = "<group>";
		};
		673FB99925592A7200C00155 /* Products */ = {
			isa = PBXGroup;
			children = (
				673FB99825592A7200C00155 /* Wise.app */,
			);
			name = Products;
			sourceTree = "<group>";
		};
		673FB99A25592A7200C00155 /* Wise */ = {
			isa = PBXGroup;
			children = (
				67C9FE1625592CE700697AE0 /* GoogleService-Info.plist */,
				67C9FE1325592CB600697AE0 /* Main */,
				67C9FE1D2559338100697AE0 /* Resources */,
				67C9FE212559339B00697AE0 /* Utils */,
				67C9FE0F25592BEB00697AE0 /* Modals */,
				67C9FE0E25592BE400697AE0 /* Views */,
				673FB9A125592A7300C00155 /* Assets.xcassets */,
				673FB9A625592A7300C00155 /* LaunchScreen.storyboard */,
				673FB9A925592A7300C00155 /* Info.plist */,
				673FB9A325592A7300C00155 /* Preview Content */,
			);
			path = Wise;
			sourceTree = "<group>";
		};
		673FB9A325592A7300C00155 /* Preview Content */ = {
			isa = PBXGroup;
			children = (
				673FB9A425592A7300C00155 /* Preview Assets.xcassets */,
			);
			path = "Preview Content";
			sourceTree = "<group>";
		};
		67C9FE0E25592BE400697AE0 /* Views */ = {
			isa = PBXGroup;
			children = (
				673FB99F25592A7200C00155 /* ContentView.swift */,
				679C3E2A255E6B68001B026F /* Home.swift */,
				673F33902561724300141FF4 /* SideMenu.swift */,
				673F33532561319700141FF4 /* Student.swift */,
				676B6E362560F18B0026E378 /* TeacherView.swift */,
				673F33882561491600141FF4 /* CardViews.swift */,
				67C9FE292559492800697AE0 /* Auth */,
			);
			path = Views;
			sourceTree = "<group>";
		};
		67C9FE0F25592BEB00697AE0 /* Modals */ = {
			isa = PBXGroup;
			children = (
				679E9FC4255C0DF7000D0601 /* LoginViewModel.swift */,
				679C3E44255E9240001B026F /* RoomViewModal.swift */,
			);
			path = Modals;
			sourceTree = "<group>";
		};
		67C9FE1325592CB600697AE0 /* Main */ = {
			isa = PBXGroup;
			children = (
				673FB99D25592A7200C00155 /* SceneDelegate.swift */,
				673FB99B25592A7200C00155 /* AppDelegate.swift */,
			);
			path = Main;
			sourceTree = "<group>";
		};
		67C9FE1D2559338100697AE0 /* Resources */ = {
			isa = PBXGroup;
			children = (
				67615BD0255CD29900AEBA1F /* student.json */,
				67615BD1255CD29900AEBA1F /* teacher.json */,
				67C9FE3E2559500D00697AE0 /* error.json */,
				67C9FE1E2559339300697AE0 /* login.json */,
				679E9FC9255C0DFA000D0601 /* Countries.swift */,
			);
			path = Resources;
			sourceTree = "<group>";
		};
		67C9FE212559339B00697AE0 /* Utils */ = {
			isa = PBXGroup;
			children = (
				679C3E62255ED99A001B026F /* ActivityIndicator.swift */,
				679E9FC3255C0DF7000D0601 /* CustomNumberPad.swift */,
				67C9FE22255933AE00697AE0 /* Lottie.swift */,
				67C9FE2C255949C900697AE0 /* PopUp.swift */,
				67C9FE3A25594EB900697AE0 /* AlertView.swift */,
				67C9FE412559529500697AE0 /* Modifiers.swift */,
				67C9FE2F25594D2200697AE0 /* BlurBG.swift */,
				6796A2FB255AB263001E5B96 /* ImgPicker.swift */,
				6796A2FE255AB28B001E5B96 /* Indicator.swift */,
				678EFF2125600AA000A4902B /* DocumentPicker.swift */,
				67A8F22325624153005EC20C /* PDFView.swift */,
			);
			path = Utils;
			sourceTree = "<group>";
		};
		67C9FE292559492800697AE0 /* Auth */ = {
			isa = PBXGroup;
			children = (
				679E9FC8255C0DF9000D0601 /* Login.swift */,
				679E9FC5255C0DF8000D0601 /* Verification.swift */,
				6751325B255A5C840067FCDA /* SelcView.swift */,
			);
			path = Auth;
			sourceTree = "<group>";
		};
		A052610CEBD56F4F2265FD54 /* Pods */ = {
			isa = PBXGroup;
			children = (
				D16659611F67F19664885AB4 /* Pods-Wise.debug.xcconfig */,
				007B04CA53E01B792332BF4A /* Pods-Wise.release.xcconfig */,
			);
			path = Pods;
			sourceTree = "<group>";
		};
/* End PBXGroup section */

/* Begin PBXNativeTarget section */
		673FB99725592A7200C00155 /* Wise */ = {
			isa = PBXNativeTarget;
			buildConfigurationList = 673FB9AC25592A7300C00155 /* Build configuration list for PBXNativeTarget "Wise" */;
			buildPhases = (
				E3E96B64BACF7DA972814CD3 /* [CP] Check Pods Manifest.lock */,
				673FB99425592A7200C00155 /* Sources */,
				673FB99525592A7200C00155 /* Frameworks */,
				673FB99625592A7200C00155 /* Resources */,
				C8A64C7BBB7EA0161E21249A /* [CP] Embed Pods Frameworks */,
			);
			buildRules = (
			);
			dependencies = (
			);
			name = Wise;
			packageProductDependencies = (
				67C9FE1A25592DE400697AE0 /* Lottie */,
				6796A2F8255AB242001E5B96 /* SDWebImageSwiftUI */,
				67A8F22B256256D0005EC20C /* PDFViewer */,
			);
			productName = Wise;
			productReference = 673FB99825592A7200C00155 /* Wise.app */;
			productType = "com.apple.product-type.application";
		};
/* End PBXNativeTarget section */

/* Begin PBXProject section */
		673FB99025592A7200C00155 /* Project object */ = {
			isa = PBXProject;
			attributes = {
				LastSwiftUpdateCheck = 1210;
				LastUpgradeCheck = 1210;
				TargetAttributes = {
					673FB99725592A7200C00155 = {
						CreatedOnToolsVersion = 12.1;
					};
				};
			};
			buildConfigurationList = 673FB99325592A7200C00155 /* Build configuration list for PBXProject "Wise" */;
			compatibilityVersion = "Xcode 9.3";
			developmentRegion = en;
			hasScannedForEncodings = 0;
			knownRegions = (
				en,
				Base,
			);
			mainGroup = 673FB98F25592A7200C00155;
			packageReferences = (
				67C9FE1925592DE400697AE0 /* XCRemoteSwiftPackageReference "lottie-ios" */,
				6796A2F7255AB242001E5B96 /* XCRemoteSwiftPackageReference "SDWebImageSwiftUI" */,
				67A8F22A256256D0005EC20C /* XCRemoteSwiftPackageReference "PDFViewer" */,
			);
			productRefGroup = 673FB99925592A7200C00155 /* Products */;
			projectDirPath = "";
			projectRoot = "";
			targets = (
				673FB99725592A7200C00155 /* Wise */,
			);
		};
/* End PBXProject section */

/* Begin PBXResourcesBuildPhase section */
		673FB99625592A7200C00155 /* Resources */ = {
			isa = PBXResourcesBuildPhase;
			buildActionMask = 2147483647;
			files = (
				67615BD3255CD29A00AEBA1F /* teacher.json in Resources */,
				67C9FE3F2559500D00697AE0 /* error.json in Resources */,
				67C9FE1725592CE700697AE0 /* GoogleService-Info.plist in Resources */,
				673FB9A825592A7300C00155 /* LaunchScreen.storyboard in Resources */,
				67C9FE1F2559339300697AE0 /* login.json in Resources */,
				673FB9A525592A7300C00155 /* Preview Assets.xcassets in Resources */,
				673FB9A225592A7300C00155 /* Assets.xcassets in Resources */,
				67615BD2255CD29900AEBA1F /* student.json in Resources */,
			);
			runOnlyForDeploymentPostprocessing = 0;
		};
/* End PBXResourcesBuildPhase section */

/* Begin PBXShellScriptBuildPhase section */
		C8A64C7BBB7EA0161E21249A /* [CP] Embed Pods Frameworks */ = {
			isa = PBXShellScriptBuildPhase;
			buildActionMask = 2147483647;
			files = (
			);
			inputFileListPaths = (
				"${PODS_ROOT}/Target Support Files/Pods-Wise/Pods-Wise-frameworks-${CONFIGURATION}-input-files.xcfilelist",
			);
			name = "[CP] Embed Pods Frameworks";
			outputFileListPaths = (
				"${PODS_ROOT}/Target Support Files/Pods-Wise/Pods-Wise-frameworks-${CONFIGURATION}-output-files.xcfilelist",
			);
			runOnlyForDeploymentPostprocessing = 0;
			shellPath = /bin/sh;
			shellScript = "\"${PODS_ROOT}/Target Support Files/Pods-Wise/Pods-Wise-frameworks.sh\"\n";
			showEnvVarsInLog = 0;
		};
		E3E96B64BACF7DA972814CD3 /* [CP] Check Pods Manifest.lock */ = {
			isa = PBXShellScriptBuildPhase;
			buildActionMask = 2147483647;
			files = (
			);
			inputFileListPaths = (
			);
			inputPaths = (
				"${PODS_PODFILE_DIR_PATH}/Podfile.lock",
				"${PODS_ROOT}/Manifest.lock",
			);
			name = "[CP] Check Pods Manifest.lock";
			outputFileListPaths = (
			);
			outputPaths = (
				"$(DERIVED_FILE_DIR)/Pods-Wise-checkManifestLockResult.txt",
			);
			runOnlyForDeploymentPostprocessing = 0;
			shellPath = /bin/sh;
			shellScript = "diff \"${PODS_PODFILE_DIR_PATH}/Podfile.lock\" \"${PODS_ROOT}/Manifest.lock\" > /dev/null\nif [ $? != 0 ] ; then\n    # print error to STDERR\n    echo \"error: The sandbox is not in sync with the Podfile.lock. Run 'pod install' or update your CocoaPods installation.\" >&2\n    exit 1\nfi\n# This output is used by Xcode 'outputs' to avoid re-running this script phase.\necho \"SUCCESS\" > \"${SCRIPT_OUTPUT_FILE_0}\"\n";
			showEnvVarsInLog = 0;
		};
/* End PBXShellScriptBuildPhase section */

/* Begin PBXSourcesBuildPhase section */
		673FB99425592A7200C00155 /* Sources */ = {
			isa = PBXSourcesBuildPhase;
			buildActionMask = 2147483647;
			files = (
				67C9FE23255933AE00697AE0 /* Lottie.swift in Sources */,
				6796A2FF255AB28B001E5B96 /* Indicator.swift in Sources */,
				679C3E63255ED99A001B026F /* ActivityIndicator.swift in Sources */,
				673F33912561724400141FF4 /* SideMenu.swift in Sources */,
				673F33542561319700141FF4 /* Student.swift in Sources */,
				679E9FD0255C0DFA000D0601 /* Countries.swift in Sources */,
				673F33892561491600141FF4 /* CardViews.swift in Sources */,
				67C9FE422559529500697AE0 /* Modifiers.swift in Sources */,
				676B6E372560F18B0026E378 /* TeacherView.swift in Sources */,
				673FB99C25592A7200C00155 /* AppDelegate.swift in Sources */,
				679C3E45255E9240001B026F /* RoomViewModal.swift in Sources */,
				673FB99E25592A7200C00155 /* SceneDelegate.swift in Sources */,
				678EFF2225600AA000A4902B /* DocumentPicker.swift in Sources */,
				67A8F22425624153005EC20C /* PDFView.swift in Sources */,
				679C3E2B255E6B68001B026F /* Home.swift in Sources */,
				679E9FCA255C0DFA000D0601 /* CustomNumberPad.swift in Sources */,
				679E9FCF255C0DFA000D0601 /* Login.swift in Sources */,
				67C9FE3B25594EB900697AE0 /* AlertView.swift in Sources */,
				679E9FCB255C0DFA000D0601 /* LoginViewModel.swift in Sources */,
				67C9FE2D255949C900697AE0 /* PopUp.swift in Sources */,
				673FB9A025592A7200C00155 /* ContentView.swift in Sources */,
				679E9FCC255C0DFA000D0601 /* Verification.swift in Sources */,
				67C9FE3025594D2200697AE0 /* BlurBG.swift in Sources */,
				6796A2FC255AB263001E5B96 /* ImgPicker.swift in Sources */,
				6751325C255A5C840067FCDA /* SelcView.swift in Sources */,
			);
			runOnlyForDeploymentPostprocessing = 0;
		};
/* End PBXSourcesBuildPhase section */

/* Begin PBXVariantGroup section */
		673FB9A625592A7300C00155 /* LaunchScreen.storyboard */ = {
			isa = PBXVariantGroup;
			children = (
				673FB9A725592A7300C00155 /* Base */,
			);
			name = LaunchScreen.storyboard;
			sourceTree = "<group>";
		};
/* End PBXVariantGroup section */

/* Begin XCBuildConfiguration section */
		673FB9AA25592A7300C00155 /* Debug */ = {
			isa = XCBuildConfiguration;
			buildSettings = {
				ALWAYS_SEARCH_USER_PATHS = NO;
				CLANG_ANALYZER_NONNULL = YES;
				CLANG_ANALYZER_NUMBER_OBJECT_CONVERSION = YES_AGGRESSIVE;
				CLANG_CXX_LANGUAGE_STANDARD = "gnu++14";
				CLANG_CXX_LIBRARY = "libc++";
				CLANG_ENABLE_MODULES = YES;
				CLANG_ENABLE_OBJC_ARC = YES;
				CLANG_ENABLE_OBJC_WEAK = YES;
				CLANG_WARN_BLOCK_CAPTURE_AUTORELEASING = YES;
				CLANG_WARN_BOOL_CONVERSION = YES;
				CLANG_WARN_COMMA = YES;
				CLANG_WARN_CONSTANT_CONVERSION = YES;
				CLANG_WARN_DEPRECATED_OBJC_IMPLEMENTATIONS = YES;
				CLANG_WARN_DIRECT_OBJC_ISA_USAGE = YES_ERROR;
				CLANG_WARN_DOCUMENTATION_COMMENTS = YES;
				CLANG_WARN_EMPTY_BODY = YES;
				CLANG_WARN_ENUM_CONVERSION = YES;
				CLANG_WARN_INFINITE_RECURSION = YES;
				CLANG_WARN_INT_CONVERSION = YES;
				CLANG_WARN_NON_LITERAL_NULL_CONVERSION = YES;
				CLANG_WARN_OBJC_IMPLICIT_RETAIN_SELF = YES;
				CLANG_WARN_OBJC_LITERAL_CONVERSION = YES;
				CLANG_WARN_OBJC_ROOT_CLASS = YES_ERROR;
				CLANG_WARN_QUOTED_INCLUDE_IN_FRAMEWORK_HEADER = YES;
				CLANG_WARN_RANGE_LOOP_ANALYSIS = YES;
				CLANG_WARN_STRICT_PROTOTYPES = YES;
				CLANG_WARN_SUSPICIOUS_MOVE = YES;
				CLANG_WARN_UNGUARDED_AVAILABILITY = YES_AGGRESSIVE;
				CLANG_WARN_UNREACHABLE_CODE = YES;
				CLANG_WARN__DUPLICATE_METHOD_MATCH = YES;
				COPY_PHASE_STRIP = NO;
				DEBUG_INFORMATION_FORMAT = dwarf;
				ENABLE_STRICT_OBJC_MSGSEND = YES;
				ENABLE_TESTABILITY = YES;
				GCC_C_LANGUAGE_STANDARD = gnu11;
				GCC_DYNAMIC_NO_PIC = NO;
				GCC_NO_COMMON_BLOCKS = YES;
				GCC_OPTIMIZATION_LEVEL = 0;
				GCC_PREPROCESSOR_DEFINITIONS = (
					"DEBUG=1",
					"$(inherited)",
				);
				GCC_WARN_64_TO_32_BIT_CONVERSION = YES;
				GCC_WARN_ABOUT_RETURN_TYPE = YES_ERROR;
				GCC_WARN_UNDECLARED_SELECTOR = YES;
				GCC_WARN_UNINITIALIZED_AUTOS = YES_AGGRESSIVE;
				GCC_WARN_UNUSED_FUNCTION = YES;
				GCC_WARN_UNUSED_VARIABLE = YES;
				IPHONEOS_DEPLOYMENT_TARGET = 14.0;
				MTL_ENABLE_DEBUG_INFO = INCLUDE_SOURCE;
				MTL_FAST_MATH = YES;
				ONLY_ACTIVE_ARCH = YES;
				SDKROOT = iphoneos;
				SWIFT_ACTIVE_COMPILATION_CONDITIONS = DEBUG;
				SWIFT_OPTIMIZATION_LEVEL = "-Onone";
			};
			name = Debug;
		};
		673FB9AB25592A7300C00155 /* Release */ = {
			isa = XCBuildConfiguration;
			buildSettings = {
				ALWAYS_SEARCH_USER_PATHS = NO;
				CLANG_ANALYZER_NONNULL = YES;
				CLANG_ANALYZER_NUMBER_OBJECT_CONVERSION = YES_AGGRESSIVE;
				CLANG_CXX_LANGUAGE_STANDARD = "gnu++14";
				CLANG_CXX_LIBRARY = "libc++";
				CLANG_ENABLE_MODULES = YES;
				CLANG_ENABLE_OBJC_ARC = YES;
				CLANG_ENABLE_OBJC_WEAK = YES;
				CLANG_WARN_BLOCK_CAPTURE_AUTORELEASING = YES;
				CLANG_WARN_BOOL_CONVERSION = YES;
				CLANG_WARN_COMMA = YES;
				CLANG_WARN_CONSTANT_CONVERSION = YES;
				CLANG_WARN_DEPRECATED_OBJC_IMPLEMENTATIONS = YES;
				CLANG_WARN_DIRECT_OBJC_ISA_USAGE = YES_ERROR;
				CLANG_WARN_DOCUMENTATION_COMMENTS = YES;
				CLANG_WARN_EMPTY_BODY = YES;
				CLANG_WARN_ENUM_CONVERSION = YES;
				CLANG_WARN_INFINITE_RECURSION = YES;
				CLANG_WARN_INT_CONVERSION = YES;
				CLANG_WARN_NON_LITERAL_NULL_CONVERSION = YES;
				CLANG_WARN_OBJC_IMPLICIT_RETAIN_SELF = YES;
				CLANG_WARN_OBJC_LITERAL_CONVERSION = YES;
				CLANG_WARN_OBJC_ROOT_CLASS = YES_ERROR;
				CLANG_WARN_QUOTED_INCLUDE_IN_FRAMEWORK_HEADER = YES;
				CLANG_WARN_RANGE_LOOP_ANALYSIS = YES;
				CLANG_WARN_STRICT_PROTOTYPES = YES;
				CLANG_WARN_SUSPICIOUS_MOVE = YES;
				CLANG_WARN_UNGUARDED_AVAILABILITY = YES_AGGRESSIVE;
				CLANG_WARN_UNREACHABLE_CODE = YES;
				CLANG_WARN__DUPLICATE_METHOD_MATCH = YES;
				COPY_PHASE_STRIP = NO;
				DEBUG_INFORMATION_FORMAT = "dwarf-with-dsym";
				ENABLE_NS_ASSERTIONS = NO;
				ENABLE_STRICT_OBJC_MSGSEND = YES;
				GCC_C_LANGUAGE_STANDARD = gnu11;
				GCC_NO_COMMON_BLOCKS = YES;
				GCC_WARN_64_TO_32_BIT_CONVERSION = YES;
				GCC_WARN_ABOUT_RETURN_TYPE = YES_ERROR;
				GCC_WARN_UNDECLARED_SELECTOR = YES;
				GCC_WARN_UNINITIALIZED_AUTOS = YES_AGGRESSIVE;
				GCC_WARN_UNUSED_FUNCTION = YES;
				GCC_WARN_UNUSED_VARIABLE = YES;
				IPHONEOS_DEPLOYMENT_TARGET = 14.0;
				MTL_ENABLE_DEBUG_INFO = NO;
				MTL_FAST_MATH = YES;
				SDKROOT = iphoneos;
				SWIFT_COMPILATION_MODE = wholemodule;
				SWIFT_OPTIMIZATION_LEVEL = "-O";
				VALIDATE_PRODUCT = YES;
			};
			name = Release;
		};
		673FB9AD25592A7300C00155 /* Debug */ = {
			isa = XCBuildConfiguration;
			baseConfigurationReference = D16659611F67F19664885AB4 /* Pods-Wise.debug.xcconfig */;
			buildSettings = {
				ASSETCATALOG_COMPILER_APPICON_NAME = AppIcon;
				ASSETCATALOG_COMPILER_GLOBAL_ACCENT_COLOR_NAME = AccentColor;
				CODE_SIGN_STYLE = Automatic;
				DEVELOPMENT_ASSET_PATHS = "\"Wise/Preview Content\"";
				DEVELOPMENT_TEAM = F59A6ZU5Y6;
				ENABLE_PREVIEWS = YES;
				INFOPLIST_FILE = Wise/Info.plist;
				IPHONEOS_DEPLOYMENT_TARGET = 14.0;
				LD_RUNPATH_SEARCH_PATHS = (
					"$(inherited)",
					"@executable_path/Frameworks",
				);
				PRODUCT_BUNDLE_IDENTIFIER = com.scribble.Wise;
				PRODUCT_NAME = "$(TARGET_NAME)";
				SWIFT_VERSION = 5.0;
				TARGETED_DEVICE_FAMILY = 1;
			};
			name = Debug;
		};
		673FB9AE25592A7300C00155 /* Release */ = {
			isa = XCBuildConfiguration;
			baseConfigurationReference = 007B04CA53E01B792332BF4A /* Pods-Wise.release.xcconfig */;
			buildSettings = {
				ASSETCATALOG_COMPILER_APPICON_NAME = AppIcon;
				ASSETCATALOG_COMPILER_GLOBAL_ACCENT_COLOR_NAME = AccentColor;
				CODE_SIGN_STYLE = Automatic;
				DEVELOPMENT_ASSET_PATHS = "\"Wise/Preview Content\"";
				DEVELOPMENT_TEAM = F59A6ZU5Y6;
				ENABLE_PREVIEWS = YES;
				INFOPLIST_FILE = Wise/Info.plist;
				IPHONEOS_DEPLOYMENT_TARGET = 14.0;
				LD_RUNPATH_SEARCH_PATHS = (
					"$(inherited)",
					"@executable_path/Frameworks",
				);
				PRODUCT_BUNDLE_IDENTIFIER = com.scribble.Wise;
				PRODUCT_NAME = "$(TARGET_NAME)";
				SWIFT_VERSION = 5.0;
				TARGETED_DEVICE_FAMILY = 1;
			};
			name = Release;
		};
/* End XCBuildConfiguration section */

/* Begin XCConfigurationList section */
		673FB99325592A7200C00155 /* Build configuration list for PBXProject "Wise" */ = {
			isa = XCConfigurationList;
			buildConfigurations = (
				673FB9AA25592A7300C00155 /* Debug */,
				673FB9AB25592A7300C00155 /* Release */,
			);
			defaultConfigurationIsVisible = 0;
			defaultConfigurationName = Release;
		};
		673FB9AC25592A7300C00155 /* Build configuration list for PBXNativeTarget "Wise" */ = {
			isa = XCConfigurationList;
			buildConfigurations = (
				673FB9AD25592A7300C00155 /* Debug */,
				673FB9AE25592A7300C00155 /* Release */,
			);
			defaultConfigurationIsVisible = 0;
			defaultConfigurationName = Release;
		};
/* End XCConfigurationList section */

/* Begin XCRemoteSwiftPackageReference section */
		6796A2F7255AB242001E5B96 /* XCRemoteSwiftPackageReference "SDWebImageSwiftUI" */ = {
			isa = XCRemoteSwiftPackageReference;
			repositoryURL = "https://github.com/SDWebImage/SDWebImageSwiftUI.git";
			requirement = {
				kind = upToNextMajorVersion;
				minimumVersion = 1.5.0;
			};
		};
		67A8F22A256256D0005EC20C /* XCRemoteSwiftPackageReference "PDFViewer" */ = {
			isa = XCRemoteSwiftPackageReference;
			repositoryURL = "https://github.com/rajubd49/PDFViewer.git";
			requirement = {
				kind = upToNextMajorVersion;
				minimumVersion = 1.0.2;
			};
		};
		67C9FE1925592DE400697AE0 /* XCRemoteSwiftPackageReference "lottie-ios" */ = {
			isa = XCRemoteSwiftPackageReference;
			repositoryURL = "https://github.com/airbnb/lottie-ios.git";
			requirement = {
				kind = upToNextMajorVersion;
				minimumVersion = 3.1.9;
			};
		};
/* End XCRemoteSwiftPackageReference section */

/* Begin XCSwiftPackageProductDependency section */
		6796A2F8255AB242001E5B96 /* SDWebImageSwiftUI */ = {
			isa = XCSwiftPackageProductDependency;
			package = 6796A2F7255AB242001E5B96 /* XCRemoteSwiftPackageReference "SDWebImageSwiftUI" */;
			productName = SDWebImageSwiftUI;
		};
		67A8F22B256256D0005EC20C /* PDFViewer */ = {
			isa = XCSwiftPackageProductDependency;
			package = 67A8F22A256256D0005EC20C /* XCRemoteSwiftPackageReference "PDFViewer" */;
			productName = PDFViewer;
		};
		67C9FE1A25592DE400697AE0 /* Lottie */ = {
			isa = XCSwiftPackageProductDependency;
			package = 67C9FE1925592DE400697AE0 /* XCRemoteSwiftPackageReference "lottie-ios" */;
			productName = Lottie;
		};
/* End XCSwiftPackageProductDependency section */
	};
	rootObject = 673FB99025592A7200C00155 /* Project object */;
}
